
Microsoft Visual Studio Solution File, Format Version 12.00
# Visual Studio 15
VisualStudioVersion = 15.0.28307.1062
MinimumVisualStudioVersion = 10.0.40219.1
Project("{FAE04EC0-301F-11D3-BF4B-00C04F79EFBC}") = "Exercico_objetos", "Exercico_objetos\Exercico_objetos.csproj", "{D1FC8ADC-3E49-4331-AA2C-37BA95371CCB}"
EndProject
Global
	GlobalSection(SolutionConfigurationPlatforms) = preSolution
		Debug|Any CPU = Debug|Any CPU
		Release|Any CPU = Release|Any CPU
	EndGlobalSection
	GlobalSection(ProjectConfigurationPlatforms) = postSolution
		{D1FC8ADC-3E49-4331-AA2C-37BA95371CCB}.Debug|Any CPU.ActiveCfg = Debug|Any CPU
		{D1FC8ADC-3E49-4331-AA2C-37BA95371CCB}.Debug|Any CPU.Build.0 = Debug|Any CPU
		{D1FC8ADC-3E49-4331-AA2C-37BA95371CCB}.Release|Any CPU.ActiveCfg = Release|Any CPU
		{D1FC8ADC-3E49-4331-AA2C-37BA95371CCB}.Release|Any CPU.Build.0 = Release|Any CPU
	EndGlobalSection
	GlobalSection(SolutionProperties) = preSolution
		HideSolutionNode = FALSE
	EndGlobalSection
	GlobalSection(ExtensibilityGlobals) = postSolution
		SolutionGuid = {4D954915-B77D-48E2-BAE0-FCB998250DF9}
	EndGlobalSection
EndGlobal
